
Microsoft Visual Studio Solution File, Format Version 12.00
# Visual Studio Version 17
VisualStudioVersion = 17.13.36105.23 d17.13
MinimumVisualStudioVersion = 10.0.40219.1
Project("{FAE04EC0-301F-11D3-BF4B-00C04F79EFBC}") = "EcommerceCoreWebAPI", "EcommerceCoreWebAPI.csproj", "{BA00E344-0B9D-46AA-9B81-107105FC1453}"
EndProject
Global
	GlobalSection(SolutionConfigurationPlatforms) = preSolution
		Debug|Any CPU = Debug|Any CPU
		Release|Any CPU = Release|Any CPU
	EndGlobalSection
	GlobalSection(ProjectConfigurationPlatforms) = postSolution
		{BA00E344-0B9D-46AA-9B81-107105FC1453}.Debug|Any CPU.ActiveCfg = Debug|Any CPU
		{BA00E344-0B9D-46AA-9B81-107105FC1453}.Debug|Any CPU.Build.0 = Debug|Any CPU
		{BA00E344-0B9D-46AA-9B81-107105FC1453}.Release|Any CPU.ActiveCfg = Release|Any CPU
		{BA00E344-0B9D-46AA-9B81-107105FC1453}.Release|Any CPU.Build.0 = Release|Any CPU
	EndGlobalSection
	GlobalSection(SolutionProperties) = preSolution
		HideSolutionNode = FALSE
	EndGlobalSection
	GlobalSection(ExtensibilityGlobals) = postSolution
		SolutionGuid = {00E8BC23-1A44-46C1-9379-277C89603A05}
	EndGlobalSection
EndGlobal
